// !$*UTF8*$!
{
	archiveVersion = 1;
	classes = {
	};
	objectVersion = 77;
	objects = {

/* Begin PBXBuildFile section */
		2D28C1712F9408E5005FB1B5 /* README.md in Resources */ = {isa = PBXBuildFile; fileRef = 2D28C1702F9408D9005FB1B5 /* README.md */; };
		2D28C17E2F940CE9005FB1B5 /* design.md in Resources */ = {isa = PBXBuildFile; fileRef = 2D28C17D2F940CE9005FB1B5 /* design.md */; };
		5A28C1092F94021C005FB1B5 /* TamagocchiReportExtension.appex in CopyFiles */ = {isa = PBXBuildFile; fileRef = 5A28C1002F94021C005FB1B5 /* TamagocchiReportExtension.appex */; settings = {ATTRIBUTES = (CodeSignOnCopy, RemoveHeadersOnCopy, ); }; };
		9A1000102F97001000B8BB97 /* LifeformWidget.appex in CopyFiles */ = {isa = PBXBuildFile; fileRef = 9A1000012F97000100B8BB97 /* LifeformWidget.appex */; settings = {ATTRIBUTES = (CodeSignOnCopy, RemoveHeadersOnCopy, ); }; };
/* End PBXBuildFile section */

/* Begin PBXContainerItemProxy section */
		5A28C10A2F94021C005FB1B5 /* PBXContainerItemProxy */ = {
			isa = PBXContainerItemProxy;
			containerPortal = 2D28C14A2F94021C005FB1B5 /* Project object */;
			proxyType = 1;
			remoteGlobalIDString = 5A28C1052F94021C005FB1B5;
			remoteInfo = TamagocchiReportExtension;
		};
		9A1000112F97001100B8BB97 /* PBXContainerItemProxy */ = {
			isa = PBXContainerItemProxy;
			containerPortal = 2D28C14A2F94021C005FB1B5 /* Project object */;
			proxyType = 1;
			remoteGlobalIDString = 9A1000032F97000300B8BB97;
			remoteInfo = LifeformWidget;
		};
/* End PBXContainerItemProxy section */

/* Begin PBXCopyFilesBuildPhase section */
		5A28C10B2F94021C005FB1B5 /* CopyFiles */ = {
			isa = PBXCopyFilesBuildPhase;
			buildActionMask = 2147483647;
			dstPath = "";
			dstSubfolderSpec = 13;
			files = (
				5A28C1092F94021C005FB1B5 /* TamagocchiReportExtension.appex in CopyFiles */,
				9A1000102F97001000B8BB97 /* LifeformWidget.appex in CopyFiles */,
			);
			runOnlyForDeploymentPostprocessing = 0;
		};
/* End PBXCopyFilesBuildPhase section */

/* Begin PBXFileReference section */
		2D28C1522F94021C005FB1B5 /* GrowMi.app */ = {isa = PBXFileReference; explicitFileType = wrapper.application; includeInIndex = 0; path = GrowMi.app; sourceTree = BUILT_PRODUCTS_DIR; };
		2D28C1702F9408D9005FB1B5 /* README.md */ = {isa = PBXFileReference; lastKnownFileType = net.daringfireball.markdown; path = README.md; sourceTree = "<group>"; };
		2D28C17D2F940CE9005FB1B5 /* design.md */ = {isa = PBXFileReference; lastKnownFileType = net.daringfireball.markdown; path = design.md; sourceTree = "<group>"; };
		5A28C1002F94021C005FB1B5 /* TamagocchiReportExtension.appex */ = {isa = PBXFileReference; explicitFileType = "wrapper.app-extension"; includeInIndex = 0; path = TamagocchiReportExtension.appex; sourceTree = BUILT_PRODUCTS_DIR; };
		9A1000012F97000100B8BB97 /* LifeformWidget.appex */ = {isa = PBXFileReference; explicitFileType = "wrapper.app-extension"; includeInIndex = 0; path = LifeformWidget.appex; sourceTree = BUILT_PRODUCTS_DIR; };
/* End PBXFileReference section */

/* Begin PBXFileSystemSynchronizedBuildFileExceptionSet section */
		2D28C15F2F94021E005FB1B5 /* Exceptions for "Tamagocchi" folder in "GrowMi" target */ = {
			isa = PBXFileSystemSynchronizedBuildFileExceptionSet;
			membershipExceptions = (
				Info.plist,
			);
			target = 2D28C1512F94021C005FB1B5 /* GrowMi */;
		};
		9A1000132F97001300B8BB97 /* Exceptions for "LifeformWidget" folder in "LifeformWidget" target */ = {
			isa = PBXFileSystemSynchronizedBuildFileExceptionSet;
			membershipExceptions = (
				Info.plist,
			);
			target = 9A1000032F97000300B8BB97 /* LifeformWidget */;
		};
/* End PBXFileSystemSynchronizedBuildFileExceptionSet section */

/* Begin PBXFileSystemSynchronizedRootGroup section */
		2D28C1542F94021C005FB1B5 /* Tamagocchi */ = {
			isa = PBXFileSystemSynchronizedRootGroup;
			exceptions = (
				2D28C15F2F94021E005FB1B5 /* Exceptions for "Tamagocchi" folder in "GrowMi" target */,
			);
			path = Tamagocchi;
			sourceTree = "<group>";
		};
		5A28C1012F94021C005FB1B5 /* TamagocchiReportExtension */ = {
			isa = PBXFileSystemSynchronizedRootGroup;
			path = TamagocchiReportExtension;
			sourceTree = "<group>";
		};
		9A1000022F97000200B8BB97 /* LifeformWidget */ = {
			isa = PBXFileSystemSynchronizedRootGroup;
			exceptions = (
				9A1000132F97001300B8BB97 /* Exceptions for "LifeformWidget" folder in "LifeformWidget" target */,
			);
			path = LifeformWidget;
			sourceTree = "<group>";
		};
/* End PBXFileSystemSynchronizedRootGroup section */

/* Begin PBXFrameworksBuildPhase section */
		2D28C14F2F94021C005FB1B5 /* Frameworks */ = {
			isa = PBXFrameworksBuildPhase;
			buildActionMask = 2147483647;
			files = (
			);
			runOnlyForDeploymentPostprocessing = 0;
		};
		5A28C1032F94021C005FB1B5 /* Frameworks */ = {
			isa = PBXFrameworksBuildPhase;
			buildActionMask = 2147483647;
			files = (
			);
			runOnlyForDeploymentPostprocessing = 0;
		};
		9A1000082F97000800B8BB97 /* Frameworks */ = {
			isa = PBXFrameworksBuildPhase;
			buildActionMask = 2147483647;
			files = (
			);
			runOnlyForDeploymentPostprocessing = 0;
		};
/* End PBXFrameworksBuildPhase section */

/* Begin PBXGroup section */
		2D28C1492F94021C005FB1B5 = {
			isa = PBXGroup;
			children = (
				2D28C1702F9408D9005FB1B5 /* README.md */,
				2D28C1542F94021C005FB1B5 /* Tamagocchi */,
				5A28C1012F94021C005FB1B5 /* TamagocchiReportExtension */,
				9A1000022F97000200B8BB97 /* LifeformWidget */,
				2D28C1532F94021C005FB1B5 /* Products */,
				2D28C17D2F940CE9005FB1B5 /* design.md */,
			);
			sourceTree = "<group>";
		};
		2D28C1532F94021C005FB1B5 /* Products */ = {
			isa = PBXGroup;
			children = (
				2D28C1522F94021C005FB1B5 /* GrowMi.app */,
				5A28C1002F94021C005FB1B5 /* TamagocchiReportExtension.appex */,
				9A1000012F97000100B8BB97 /* LifeformWidget.appex */,
			);
			name = Products;
			sourceTree = "<group>";
		};
/* End PBXGroup section */

/* Begin PBXNativeTarget section */
		2D28C1512F94021C005FB1B5 /* GrowMi */ = {
			isa = PBXNativeTarget;
			buildConfigurationList = 2D28C1602F94021E005FB1B5 /* Build configuration list for PBXNativeTarget "GrowMi" */;
			buildPhases = (
				2D28C14E2F94021C005FB1B5 /* Sources */,
				2D28C14F2F94021C005FB1B5 /* Frameworks */,
				2D28C1502F94021C005FB1B5 /* Resources */,
				5A28C10B2F94021C005FB1B5 /* CopyFiles */,
			);
			buildRules = (
			);
			dependencies = (
				5A28C10C2F94021C005FB1B5 /* PBXTargetDependency */,
				9A1000122F97001200B8BB97 /* PBXTargetDependency */,
			);
			fileSystemSynchronizedGroups = (
				2D28C1542F94021C005FB1B5 /* Tamagocchi */,
			);
			name = GrowMi;
			packageProductDependencies = (
			);
			productName = Tamagocchi;
			productReference = 2D28C1522F94021C005FB1B5 /* GrowMi.app */;
			productType = "com.apple.product-type.application";
		};
		5A28C1052F94021C005FB1B5 /* TamagocchiReportExtension */ = {
			isa = PBXNativeTarget;
			buildConfigurationList = 5A28C1062F94021C005FB1B5 /* Build configuration list for PBXNativeTarget "TamagocchiReportExtension" */;
			buildPhases = (
				5A28C1022F94021C005FB1B5 /* Sources */,
				5A28C1032F94021C005FB1B5 /* Frameworks */,
				5A28C1042F94021C005FB1B5 /* Resources */,
			);
			buildRules = (
			);
			dependencies = (
			);
			fileSystemSynchronizedGroups = (
				5A28C1012F94021C005FB1B5 /* TamagocchiReportExtension */,
			);
			name = TamagocchiReportExtension;
			packageProductDependencies = (
			);
			productName = TamagocchiReportExtension;
			productReference = 5A28C1002F94021C005FB1B5 /* TamagocchiReportExtension.appex */;
			productType = "com.apple.product-type.app-extension";
		};
		9A1000032F97000300B8BB97 /* LifeformWidget */ = {
			isa = PBXNativeTarget;
			buildConfigurationList = 9A1000042F97000400B8BB97 /* Build configuration list for PBXNativeTarget "LifeformWidget" */;
			buildPhases = (
				9A1000072F97000700B8BB97 /* Sources */,
				9A1000082F97000800B8BB97 /* Frameworks */,
				9A1000092F97000900B8BB97 /* Resources */,
			);
			buildRules = (
			);
			dependencies = (
			);
			fileSystemSynchronizedGroups = (
				9A1000022F97000200B8BB97 /* LifeformWidget */,
			);
			name = LifeformWidget;
			packageProductDependencies = (
			);
			productName = LifeformWidget;
			productReference = 9A1000012F97000100B8BB97 /* LifeformWidget.appex */;
			productType = "com.apple.product-type.app-extension";
		};
/* End PBXNativeTarget section */

/* Begin PBXProject section */
		2D28C14A2F94021C005FB1B5 /* Project object */ = {
			isa = PBXProject;
			attributes = {
				BuildIndependentTargetsInParallel = 1;
				LastSwiftUpdateCheck = 2630;
				LastUpgradeCheck = 2630;
				TargetAttributes = {
					2D28C1512F94021C005FB1B5 = {
						CreatedOnToolsVersion = 26.3;
					};
					9A1000032F97000300B8BB97 = {
						CreatedOnToolsVersion = 26.3;
					};
				};
			};
			buildConfigurationList = 2D28C14D2F94021C005FB1B5 /* Build configuration list for PBXProject "Growmi" */;
			developmentRegion = en;
			hasScannedForEncodings = 0;
			knownRegions = (
				en,
				Base,
			);
			mainGroup = 2D28C1492F94021C005FB1B5;
			minimizedProjectReferenceProxies = 1;
			preferredProjectObjectVersion = 77;
			productRefGroup = 2D28C1532F94021C005FB1B5 /* Products */;
			projectDirPath = "";
			projectRoot = "";
			targets = (
				2D28C1512F94021C005FB1B5 /* GrowMi */,
				5A28C1052F94021C005FB1B5 /* TamagocchiReportExtension */,
				9A1000032F97000300B8BB97 /* LifeformWidget */,
			);
		};
/* End PBXProject section */

/* Begin PBXResourcesBuildPhase section */
		2D28C1502F94021C005FB1B5 /* Resources */ = {
			isa = PBXResourcesBuildPhase;
			buildActionMask = 2147483647;
			files = (
				2D28C17E2F940CE9005FB1B5 /* design.md in Resources */,
				2D28C1712F9408E5005FB1B5 /* README.md in Resources */,
			);
			runOnlyForDeploymentPostprocessing = 0;
		};
		5A28C1042F94021C005FB1B5 /* Resources */ = {
			isa = PBXResourcesBuildPhase;
			buildActionMask = 2147483647;
			files = (
			);
			runOnlyForDeploymentPostprocessing = 0;
		};
		9A1000092F97000900B8BB97 /* Resources */ = {
			isa = PBXResourcesBuildPhase;
			buildActionMask = 2147483647;
			files = (
			);
			runOnlyForDeploymentPostprocessing = 0;
		};
/* End PBXResourcesBuildPhase section */

/* Begin PBXSourcesBuildPhase section */
		2D28C14E2F94021C005FB1B5 /* Sources */ = {
			isa = PBXSourcesBuildPhase;
			buildActionMask = 2147483647;
			files = (
			);
			runOnlyForDeploymentPostprocessing = 0;
		};
		5A28C1022F94021C005FB1B5 /* Sources */ = {
			isa = PBXSourcesBuildPhase;
			buildActionMask = 2147483647;
			files = (
			);
			runOnlyForDeploymentPostprocessing = 0;
		};
		9A1000072F97000700B8BB97 /* Sources */ = {
			isa = PBXSourcesBuildPhase;
			buildActionMask = 2147483647;
			files = (
			);
			runOnlyForDeploymentPostprocessing = 0;
		};
/* End PBXSourcesBuildPhase section */

/* Begin PBXTargetDependency section */
		5A28C10C2F94021C005FB1B5 /* PBXTargetDependency */ = {
			isa = PBXTargetDependency;
			target = 5A28C1052F94021C005FB1B5 /* TamagocchiReportExtension */;
			targetProxy = 5A28C10A2F94021C005FB1B5 /* PBXContainerItemProxy */;
		};
		9A1000122F97001200B8BB97 /* PBXTargetDependency */ = {
			isa = PBXTargetDependency;
			target = 9A1000032F97000300B8BB97 /* LifeformWidget */;
			targetProxy = 9A1000112F97001100B8BB97 /* PBXContainerItemProxy */;
		};
/* End PBXTargetDependency section */

/* Begin XCBuildConfiguration section */
		2D28C1612F94021E005FB1B5 /* Debug */ = {
			isa = XCBuildConfiguration;
			buildSettings = {
				ASSETCATALOG_COMPILER_APPICON_NAME = AppIcon;
				ASSETCATALOG_COMPILER_GLOBAL_ACCENT_COLOR_NAME = AccentColor;
				CODE_SIGN_ENTITLEMENTS = Tamagocchi/Tamagocchi.entitlements;
				CODE_SIGN_STYLE = Automatic;
				CURRENT_PROJECT_VERSION = 1;
				DEVELOPMENT_TEAM = 2G8T9W9K47;
				ENABLE_APP_SANDBOX = YES;
				ENABLE_HARDENED_RUNTIME = YES;
				ENABLE_PREVIEWS = YES;
				ENABLE_USER_SELECTED_FILES = readonly;
				EX_ENABLE_EXTENSION_POINT_GENERATION = YES;
				GENERATE_INFOPLIST_FILE = NO;
				INFOPLIST_FILE = Tamagocchi/Info.plist;
				INFOPLIST_KEY_CFBundleDisplayName = Growmi;
				INFOPLIST_KEY_LSApplicationCategoryType = "public.app-category.adventure-games";
				"INFOPLIST_KEY_UIApplicationSceneManifest_Generation[sdk=iphoneos*]" = YES;
				"INFOPLIST_KEY_UIApplicationSceneManifest_Generation[sdk=iphonesimulator*]" = YES;
				"INFOPLIST_KEY_UIApplicationSupportsIndirectInputEvents[sdk=iphoneos*]" = YES;
				"INFOPLIST_KEY_UIApplicationSupportsIndirectInputEvents[sdk=iphonesimulator*]" = YES;
				"INFOPLIST_KEY_UILaunchScreen_Generation[sdk=iphoneos*]" = YES;
				"INFOPLIST_KEY_UILaunchScreen_Generation[sdk=iphonesimulator*]" = YES;
				"INFOPLIST_KEY_UIStatusBarStyle[sdk=iphoneos*]" = UIStatusBarStyleDefault;
				"INFOPLIST_KEY_UIStatusBarStyle[sdk=iphonesimulator*]" = UIStatusBarStyleDefault;
				INFOPLIST_KEY_UISupportedInterfaceOrientations_iPad = "UIInterfaceOrientationPortrait UIInterfaceOrientationPortraitUpsideDown UIInterfaceOrientationLandscapeLeft UIInterfaceOrientationLandscapeRight";
				INFOPLIST_KEY_UISupportedInterfaceOrientations_iPhone = "UIInterfaceOrientationPortrait UIInterfaceOrientationLandscapeLeft UIInterfaceOrientationLandscapeRight";
				IPHONEOS_DEPLOYMENT_TARGET = 26.2;
				LD_RUNPATH_SEARCH_PATHS = "@executable_path/Frameworks";
				"LD_RUNPATH_SEARCH_PATHS[sdk=macosx*]" = "@executable_path/../Frameworks";
				MACOSX_DEPLOYMENT_TARGET = 26.2;
				MARKETING_VERSION = 1.0;
				PRODUCT_BUNDLE_IDENTIFIER = com.marcus.Tamagocchi;
				PRODUCT_NAME = "$(TARGET_NAME)";
				REGISTER_APP_GROUPS = YES;
				SDKROOT = auto;
				STRING_CATALOG_GENERATE_SYMBOLS = YES;
				SUPPORTED_PLATFORMS = "iphoneos iphonesimulator macosx xros xrsimulator";
				SWIFT_APPROACHABLE_CONCURRENCY = YES;
				SWIFT_DEFAULT_ACTOR_ISOLATION = MainActor;
				SWIFT_EMIT_LOC_STRINGS = YES;
				SWIFT_UPCOMING_FEATURE_MEMBER_IMPORT_VISIBILITY = YES;
				SWIFT_VERSION = 5.0;
				TARGETED_DEVICE_FAMILY = "1,2,7";
				XROS_DEPLOYMENT_TARGET = 26.2;
			};
			name = Debug;
		};
		2D28C1622F94021E005FB1B5 /* Release */ = {
			isa = XCBuildConfiguration;
			buildSettings = {
				ASSETCATALOG_COMPILER_APPICON_NAME = AppIcon;
				ASSETCATALOG_COMPILER_GLOBAL_ACCENT_COLOR_NAME = AccentColor;
				CODE_SIGN_ENTITLEMENTS = Tamagocchi/Tamagocchi.entitlements;
				CODE_SIGN_STYLE = Automatic;
				CURRENT_PROJECT_VERSION = 1;
				DEVELOPMENT_TEAM = 2G8T9W9K47;
				ENABLE_APP_SANDBOX = YES;
				ENABLE_HARDENED_RUNTIME = YES;
				ENABLE_PREVIEWS = YES;
				ENABLE_USER_SELECTED_FILES = readonly;
				EX_ENABLE_EXTENSION_POINT_GENERATION = YES;
				GENERATE_INFOPLIST_FILE = NO;
				INFOPLIST_FILE = Tamagocchi/Info.plist;
				INFOPLIST_KEY_CFBundleDisplayName = Growmi;
				INFOPLIST_KEY_LSApplicationCategoryType = "public.app-category.adventure-games";
				"INFOPLIST_KEY_UIApplicationSceneManifest_Generation[sdk=iphoneos*]" = YES;
				"INFOPLIST_KEY_UIApplicationSceneManifest_Generation[sdk=iphonesimulator*]" = YES;
				"INFOPLIST_KEY_UIApplicationSupportsIndirectInputEvents[sdk=iphoneos*]" = YES;
				"INFOPLIST_KEY_UIApplicationSupportsIndirectInputEvents[sdk=iphonesimulator*]" = YES;
				"INFOPLIST_KEY_UILaunchScreen_Generation[sdk=iphoneos*]" = YES;
				"INFOPLIST_KEY_UILaunchScreen_Generation[sdk=iphonesimulator*]" = YES;
				"INFOPLIST_KEY_UIStatusBarStyle[sdk=iphoneos*]" = UIStatusBarStyleDefault;
				"INFOPLIST_KEY_UIStatusBarStyle[sdk=iphonesimulator*]" = UIStatusBarStyleDefault;
				INFOPLIST_KEY_UISupportedInterfaceOrientations_iPad = "UIInterfaceOrientationPortrait UIInterfaceOrientationPortraitUpsideDown UIInterfaceOrientationLandscapeLeft UIInterfaceOrientationLandscapeRight";
				INFOPLIST_KEY_UISupportedInterfaceOrientations_iPhone = "UIInterfaceOrientationPortrait UIInterfaceOrientationLandscapeLeft UIInterfaceOrientationLandscapeRight";
				IPHONEOS_DEPLOYMENT_TARGET = 26.2;
				LD_RUNPATH_SEARCH_PATHS = "@executable_path/Frameworks";
				"LD_RUNPATH_SEARCH_PATHS[sdk=macosx*]" = "@executable_path/../Frameworks";
				MACOSX_DEPLOYMENT_TARGET = 26.2;
				MARKETING_VERSION = 1.0;
				PRODUCT_BUNDLE_IDENTIFIER = com.marcus.Tamagocchi;
				PRODUCT_NAME = "$(TARGET_NAME)";
				REGISTER_APP_GROUPS = YES;
				SDKROOT = auto;
				STRING_CATALOG_GENERATE_SYMBOLS = YES;
				SUPPORTED_PLATFORMS = "iphoneos iphonesimulator macosx xros xrsimulator";
				SWIFT_APPROACHABLE_CONCURRENCY = YES;
				SWIFT_DEFAULT_ACTOR_ISOLATION = MainActor;
				SWIFT_EMIT_LOC_STRINGS = YES;
				SWIFT_UPCOMING_FEATURE_MEMBER_IMPORT_VISIBILITY = YES;
				SWIFT_VERSION = 5.0;
				TARGETED_DEVICE_FAMILY = "1,2,7";
				XROS_DEPLOYMENT_TARGET = 26.2;
			};
			name = Release;
		};
		2D28C1632F94021E005FB1B5 /* Debug */ = {
			isa = XCBuildConfiguration;
			buildSettings = {
				ALWAYS_SEARCH_USER_PATHS = NO;
				ASSETCATALOG_COMPILER_GENERATE_SWIFT_ASSET_SYMBOL_EXTENSIONS = YES;
				CLANG_ANALYZER_NONNULL = YES;
				CLANG_ANALYZER_NUMBER_OBJECT_CONVERSION = YES_AGGRESSIVE;
				CLANG_CXX_LANGUAGE_STANDARD = "gnu++20";
				CLANG_ENABLE_MODULES = YES;
				CLANG_ENABLE_OBJC_ARC = YES;
				CLANG_ENABLE_OBJC_WEAK = YES;
				CLANG_WARN_BLOCK_CAPTURE_AUTORELEASING = YES;
				CLANG_WARN_BOOL_CONVERSION = YES;
				CLANG_WARN_COMMA = YES;
				CLANG_WARN_CONSTANT_CONVERSION = YES;
				CLANG_WARN_DEPRECATED_OBJC_IMPLEMENTATIONS = YES;
				CLANG_WARN_DIRECT_OBJC_ISA_USAGE = YES_ERROR;
				CLANG_WARN_DOCUMENTATION_COMMENTS = YES;
				CLANG_WARN_EMPTY_BODY = YES;
				CLANG_WARN_ENUM_CONVERSION = YES;
				CLANG_WARN_INFINITE_RECURSION = YES;
				CLANG_WARN_INT_CONVERSION = YES;
				CLANG_WARN_NON_LITERAL_NULL_CONVERSION = YES;
				CLANG_WARN_OBJC_IMPLICIT_RETAIN_SELF = YES;
				CLANG_WARN_OBJC_LITERAL_CONVERSION = YES;
				CLANG_WARN_OBJC_ROOT_CLASS = YES_ERROR;
				CLANG_WARN_QUOTED_INCLUDE_IN_FRAMEWORK_HEADER = YES;
				CLANG_WARN_RANGE_LOOP_ANALYSIS = YES;
				CLANG_WARN_STRICT_PROTOTYPES = YES;
				CLANG_WARN_SUSPICIOUS_MOVE = YES;
				CLANG_WARN_UNGUARDED_AVAILABILITY = YES_AGGRESSIVE;
				CLANG_WARN_UNREACHABLE_CODE = YES;
				CLANG_WARN__DUPLICATE_METHOD_MATCH = YES;
				COPY_PHASE_STRIP = NO;
				DEBUG_INFORMATION_FORMAT = dwarf;
				DEVELOPMENT_TEAM = 2G8T9W9K47;
				ENABLE_STRICT_OBJC_MSGSEND = YES;
				ENABLE_TESTABILITY = YES;
				ENABLE_USER_SCRIPT_SANDBOXING = YES;
				GCC_C_LANGUAGE_STANDARD = gnu17;
				GCC_DYNAMIC_NO_PIC = NO;
				GCC_NO_COMMON_BLOCKS = YES;
				GCC_OPTIMIZATION_LEVEL = 0;
				GCC_PREPROCESSOR_DEFINITIONS = (
					"DEBUG=1",
					"$(inherited)",
				);
				GCC_WARN_64_TO_32_BIT_CONVERSION = YES;
				GCC_WARN_ABOUT_RETURN_TYPE = YES_ERROR;
				GCC_WARN_UNDECLARED_SELECTOR = YES;
				GCC_WARN_UNINITIALIZED_AUTOS = YES_AGGRESSIVE;
				GCC_WARN_UNUSED_FUNCTION = YES;
				GCC_WARN_UNUSED_VARIABLE = YES;
				LOCALIZATION_PREFERS_STRING_CATALOGS = YES;
				MTL_ENABLE_DEBUG_INFO = INCLUDE_SOURCE;
				MTL_FAST_MATH = YES;
				ONLY_ACTIVE_ARCH = YES;
				SWIFT_ACTIVE_COMPILATION_CONDITIONS = "DEBUG $(inherited)";
				SWIFT_OPTIMIZATION_LEVEL = "-Onone";
			};
			name = Debug;
		};
		2D28C1642F94021E005FB1B5 /* Release */ = {
			isa = XCBuildConfiguration;
			buildSettings = {
				ALWAYS_SEARCH_USER_PATHS = NO;
				ASSETCATALOG_COMPILER_GENERATE_SWIFT_ASSET_SYMBOL_EXTENSIONS = YES;
				CLANG_ANALYZER_NONNULL = YES;
				CLANG_ANALYZER_NUMBER_OBJECT_CONVERSION = YES_AGGRESSIVE;
				CLANG_CXX_LANGUAGE_STANDARD = "gnu++20";
				CLANG_ENABLE_MODULES = YES;
				CLANG_ENABLE_OBJC_ARC = YES;
				CLANG_ENABLE_OBJC_WEAK = YES;
				CLANG_WARN_BLOCK_CAPTURE_AUTORELEASING = YES;
				CLANG_WARN_BOOL_CONVERSION = YES;
				CLANG_WARN_COMMA = YES;
				CLANG_WARN_CONSTANT_CONVERSION = YES;
				CLANG_WARN_DEPRECATED_OBJC_IMPLEMENTATIONS = YES;
				CLANG_WARN_DIRECT_OBJC_ISA_USAGE = YES_ERROR;
				CLANG_WARN_DOCUMENTATION_COMMENTS = YES;
				CLANG_WARN_EMPTY_BODY = YES;
				CLANG_WARN_ENUM_CONVERSION = YES;
				CLANG_WARN_INFINITE_RECURSION = YES;
				CLANG_WARN_INT_CONVERSION = YES;
				CLANG_WARN_NON_LITERAL_NULL_CONVERSION = YES;
				CLANG_WARN_OBJC_IMPLICIT_RETAIN_SELF = YES;
				CLANG_WARN_OBJC_LITERAL_CONVERSION = YES;
				CLANG_WARN_OBJC_ROOT_CLASS = YES_ERROR;
				CLANG_WARN_QUOTED_INCLUDE_IN_FRAMEWORK_HEADER = YES;
				CLANG_WARN_RANGE_LOOP_ANALYSIS = YES;
				CLANG_WARN_STRICT_PROTOTYPES = YES;
				CLANG_WARN_SUSPICIOUS_MOVE = YES;
				CLANG_WARN_UNGUARDED_AVAILABILITY = YES_AGGRESSIVE;
				CLANG_WARN_UNREACHABLE_CODE = YES;
				CLANG_WARN__DUPLICATE_METHOD_MATCH = YES;
				COPY_PHASE_STRIP = NO;
				DEBUG_INFORMATION_FORMAT = "dwarf-with-dsym";
				DEVELOPMENT_TEAM = 2G8T9W9K47;
				ENABLE_NS_ASSERTIONS = NO;
				ENABLE_STRICT_OBJC_MSGSEND = YES;
				ENABLE_USER_SCRIPT_SANDBOXING = YES;
				GCC_C_LANGUAGE_STANDARD = gnu17;
				GCC_NO_COMMON_BLOCKS = YES;
				GCC_WARN_64_TO_32_BIT_CONVERSION = YES;
				GCC_WARN_ABOUT_RETURN_TYPE = YES_ERROR;
				GCC_WARN_UNDECLARED_SELECTOR = YES;
				GCC_WARN_UNINITIALIZED_AUTOS = YES_AGGRESSIVE;
				GCC_WARN_UNUSED_FUNCTION = YES;
				GCC_WARN_UNUSED_VARIABLE = YES;
				LOCALIZATION_PREFERS_STRING_CATALOGS = YES;
				MTL_ENABLE_DEBUG_INFO = NO;
				MTL_FAST_MATH = YES;
				SWIFT_COMPILATION_MODE = wholemodule;
			};
			name = Release;
		};
		5A28C1072F94021C005FB1B5 /* Debug */ = {
			isa = XCBuildConfiguration;
			buildSettings = {
				APPLICATION_EXTENSION_API_ONLY = YES;
				CODE_SIGN_STYLE = Automatic;
				CURRENT_PROJECT_VERSION = 1;
				DEVELOPMENT_TEAM = 2G8T9W9K47;
				EX_ENABLE_EXTENSION_POINT_GENERATION = YES;
				GENERATE_INFOPLIST_FILE = NO;
				INFOPLIST_FILE = "GrowmiReportExtension-Info.plist";
				MARKETING_VERSION = 1.0;
				PRODUCT_BUNDLE_IDENTIFIER = com.marcus.Tamagocchi.ReportExtension;
				PRODUCT_NAME = "$(TARGET_NAME)";
				SDKROOT = auto;
				SKIP_INSTALL = YES;
				SUPPORTED_PLATFORMS = "iphoneos iphonesimulator";
				SWIFT_APPROACHABLE_CONCURRENCY = YES;
				SWIFT_DEFAULT_ACTOR_ISOLATION = MainActor;
				SWIFT_EMIT_LOC_STRINGS = YES;
				SWIFT_VERSION = 5.0;
				TARGETED_DEVICE_FAMILY = "1,2";
			};
			name = Debug;
		};
		5A28C1082F94021C005FB1B5 /* Release */ = {
			isa = XCBuildConfiguration;
			buildSettings = {
				APPLICATION_EXTENSION_API_ONLY = YES;
				CODE_SIGN_STYLE = Automatic;
				CURRENT_PROJECT_VERSION = 1;
				DEVELOPMENT_TEAM = 2G8T9W9K47;
				EX_ENABLE_EXTENSION_POINT_GENERATION = YES;
				GENERATE_INFOPLIST_FILE = NO;
				INFOPLIST_FILE = "GrowmiReportExtension-Info.plist";
				MARKETING_VERSION = 1.0;
				PRODUCT_BUNDLE_IDENTIFIER = com.marcus.Tamagocchi.ReportExtension;
				PRODUCT_NAME = "$(TARGET_NAME)";
				SDKROOT = auto;
				SKIP_INSTALL = YES;
				SUPPORTED_PLATFORMS = "iphoneos iphonesimulator";
				SWIFT_APPROACHABLE_CONCURRENCY = YES;
				SWIFT_DEFAULT_ACTOR_ISOLATION = MainActor;
				SWIFT_EMIT_LOC_STRINGS = YES;
				SWIFT_VERSION = 5.0;
				TARGETED_DEVICE_FAMILY = "1,2";
			};
			name = Release;
		};
		9A1000052F97000500B8BB97 /* Debug */ = {
			isa = XCBuildConfiguration;
			buildSettings = {
				APPLICATION_EXTENSION_API_ONLY = YES;
				CODE_SIGN_ENTITLEMENTS = LifeformWidget/LifeformWidget.entitlements;
				CODE_SIGN_STYLE = Automatic;
				CURRENT_PROJECT_VERSION = 1;
				DEVELOPMENT_TEAM = 2G8T9W9K47;
				EX_ENABLE_EXTENSION_POINT_GENERATION = YES;
				GENERATE_INFOPLIST_FILE = NO;
				INFOPLIST_FILE = LifeformWidget/Info.plist;
				MARKETING_VERSION = 1.0;
				PRODUCT_BUNDLE_IDENTIFIER = com.marcus.Tamagocchi.LifeformWidget;
				PRODUCT_NAME = "$(TARGET_NAME)";
				SDKROOT = auto;
				SKIP_INSTALL = YES;
				SUPPORTED_PLATFORMS = "iphoneos iphonesimulator";
				SWIFT_APPROACHABLE_CONCURRENCY = YES;
				SWIFT_DEFAULT_ACTOR_ISOLATION = MainActor;
				SWIFT_EMIT_LOC_STRINGS = YES;
				SWIFT_VERSION = 5.0;
				TARGETED_DEVICE_FAMILY = "1,2";
			};
			name = Debug;
		};
		9A1000062F97000600B8BB97 /* Release */ = {
			isa = XCBuildConfiguration;
			buildSettings = {
				APPLICATION_EXTENSION_API_ONLY = YES;
				CODE_SIGN_ENTITLEMENTS = LifeformWidget/LifeformWidget.entitlements;
				CODE_SIGN_STYLE = Automatic;
				CURRENT_PROJECT_VERSION = 1;
				DEVELOPMENT_TEAM = 2G8T9W9K47;
				EX_ENABLE_EXTENSION_POINT_GENERATION = YES;
				GENERATE_INFOPLIST_FILE = NO;
				INFOPLIST_FILE = LifeformWidget/Info.plist;
				MARKETING_VERSION = 1.0;
				PRODUCT_BUNDLE_IDENTIFIER = com.marcus.Tamagocchi.LifeformWidget;
				PRODUCT_NAME = "$(TARGET_NAME)";
				SDKROOT = auto;
				SKIP_INSTALL = YES;
				SUPPORTED_PLATFORMS = "iphoneos iphonesimulator";
				SWIFT_APPROACHABLE_CONCURRENCY = YES;
				SWIFT_DEFAULT_ACTOR_ISOLATION = MainActor;
				SWIFT_EMIT_LOC_STRINGS = YES;
				SWIFT_VERSION = 5.0;
				TARGETED_DEVICE_FAMILY = "1,2";
			};
			name = Release;
		};
/* End XCBuildConfiguration section */

/* Begin XCConfigurationList section */
		2D28C14D2F94021C005FB1B5 /* Build configuration list for PBXProject "Growmi" */ = {
			isa = XCConfigurationList;
			buildConfigurations = (
				2D28C1632F94021E005FB1B5 /* Debug */,
				2D28C1642F94021E005FB1B5 /* Release */,
			);
			defaultConfigurationIsVisible = 0;
			defaultConfigurationName = Release;
		};
		2D28C1602F94021E005FB1B5 /* Build configuration list for PBXNativeTarget "GrowMi" */ = {
			isa = XCConfigurationList;
			buildConfigurations = (
				2D28C1612F94021E005FB1B5 /* Debug */,
				2D28C1622F94021E005FB1B5 /* Release */,
			);
			defaultConfigurationIsVisible = 0;
			defaultConfigurationName = Release;
		};
		5A28C1062F94021C005FB1B5 /* Build configuration list for PBXNativeTarget "TamagocchiReportExtension" */ = {
			isa = XCConfigurationList;
			buildConfigurations = (
				5A28C1072F94021C005FB1B5 /* Debug */,
				5A28C1082F94021C005FB1B5 /* Release */,
			);
			defaultConfigurationIsVisible = 0;
			defaultConfigurationName = Release;
		};
		9A1000042F97000400B8BB97 /* Build configuration list for PBXNativeTarget "LifeformWidget" */ = {
			isa = XCConfigurationList;
			buildConfigurations = (
				9A1000052F97000500B8BB97 /* Debug */,
				9A1000062F97000600B8BB97 /* Release */,
			);
			defaultConfigurationIsVisible = 0;
			defaultConfigurationName = Release;
		};
/* End XCConfigurationList section */
	};
	rootObject = 2D28C14A2F94021C005FB1B5 /* Project object */;
}
